// !$*UTF8*$!
{
	archiveVersion = 1;
	classes = {
	};
	objectVersion = 110;
	objects = {

/* Begin PBXBuildFile section */
		117748F9D15649E2A666DFE0 /* Hako/Resources/Steve.png in Resources */ = {isa = PBXBuildFile; fileRef = 8B4BB7C578684614BF24DCCC /* Hako/Resources/Steve.png */; };
		3969B149243F465D924013E7 /* Hako/Minecraft/MinecraftSkin.swift in Sources */ = {isa = PBXBuildFile; fileRef = 33A91ADF86C64DC8A53E1991 /* Hako/Minecraft/MinecraftSkin.swift */; };
		52A0AEB1BB084D53B5F5BA60 /* Hako/Account.swift in Sources */ = {isa = PBXBuildFile; fileRef = 2D928C9849034172A43769FB /* Hako/Account.swift */; };
		7BA304A44DF04915B9044970 /* Hako/Minecraft/MinecraftSkinLoader.swift in Sources */ = {isa = PBXBuildFile; fileRef = A92821607F654453A3700F99 /* Hako/Minecraft/MinecraftSkinLoader.swift */; };
		AC77148AC01F44EABDE88576 /* Hako/Auth/MicrosoftAuth.swift in Sources */ = {isa = PBXBuildFile; fileRef = 7807B1C2156845C09A8285F3 /* Hako/Auth/MicrosoftAuth.swift */; };
/* End PBXBuildFile section */

/* Begin PBXFileReference section */
		233ED7D73072CD6700E6B7EC /* Hako.app */ = {isa = PBXFileReference; explicitFileType = wrapper.application; includeInIndex = 0; path = Hako.app; sourceTree = BUILT_PRODUCTS_DIR; };
		2D928C9849034172A43769FB /* Hako/Account.swift */ = {isa = PBXFileReference; lastKnownFileType = sourcecode.swift; path = Hako/Account.swift; sourceTree = SOURCE_ROOT; };
		33A91ADF86C64DC8A53E1991 /* Hako/Minecraft/MinecraftSkin.swift */ = {isa = PBXFileReference; lastKnownFileType = sourcecode.swift; path = Hako/Minecraft/MinecraftSkin.swift; sourceTree = SOURCE_ROOT; };
		7807B1C2156845C09A8285F3 /* Hako/Auth/MicrosoftAuth.swift */ = {isa = PBXFileReference; lastKnownFileType = sourcecode.swift; path = Hako/Auth/MicrosoftAuth.swift; sourceTree = SOURCE_ROOT; };
		7F342BAABE3B426BA85DB9C5 /* HakoTests.xctest */ = {isa = PBXFileReference; explicitFileType = wrapper.cfbundle; path = HakoTests.xctest; sourceTree = BUILT_PRODUCTS_DIR; };
		8B4BB7C578684614BF24DCCC /* Hako/Resources/Steve.png */ = {isa = PBXFileReference; lastKnownFileType = image.png; path = Hako/Resources/Steve.png; sourceTree = SOURCE_ROOT; };
		A92821607F654453A3700F99 /* Hako/Minecraft/MinecraftSkinLoader.swift */ = {isa = PBXFileReference; lastKnownFileType = sourcecode.swift; path = Hako/Minecraft/MinecraftSkinLoader.swift; sourceTree = SOURCE_ROOT; };
/* End PBXFileReference section */

/* Begin PBXFileSystemSynchronizedRootGroup section */
		233ED7D93072CD6700E6B7EC /* Hako */ = {
			isa = PBXFileSystemSynchronizedRootGroup;
			path = Hako;
			sourceTree = "<group>";
		};
		BF55C192E7034A1EA2164A18 /* HakoTests */ = {
			isa = PBXFileSystemSynchronizedRootGroup;
			path = HakoTests;
			sourceTree = "<group>";
		};
/* End PBXFileSystemSynchronizedRootGroup section */

/* Begin PBXFrameworksBuildPhase section */
		233ED7D43072CD6700E6B7EC /* Frameworks */ = {
			isa = PBXFrameworksBuildPhase;
			files = (
			);
		};
		A9E98347CF7349E4B352B712 /* Frameworks */ = {
			isa = PBXFrameworksBuildPhase;
			files = (
			);
		};
/* End PBXFrameworksBuildPhase section */

/* Begin PBXGroup section */
		233ED7CE3072CD6700E6B7EC = {
			isa = PBXGroup;
			children = (
				233ED7D93072CD6700E6B7EC /* Hako */,
				BF55C192E7034A1EA2164A18 /* HakoTests */,
				90AD16F7D5E045B89C203407 /* Skin Test Sources */,
				233ED7D83072CD6700E6B7EC /* Products */,
			);
			sourceTree = "<group>";
		};
		233ED7D83072CD6700E6B7EC /* Products */ = {
			isa = PBXGroup;
			children = (
				233ED7D73072CD6700E6B7EC /* Hako.app */,
				7F342BAABE3B426BA85DB9C5 /* HakoTests.xctest */,
			);
			name = Products;
			sourceTree = "<group>";
		};
		90AD16F7D5E045B89C203407 /* Skin Test Sources */ = {
			isa = PBXGroup;
			children = (
				33A91ADF86C64DC8A53E1991 /* Hako/Minecraft/MinecraftSkin.swift */,
				A92821607F654453A3700F99 /* Hako/Minecraft/MinecraftSkinLoader.swift */,
				7807B1C2156845C09A8285F3 /* Hako/Auth/MicrosoftAuth.swift */,
				2D928C9849034172A43769FB /* Hako/Account.swift */,
				8B4BB7C578684614BF24DCCC /* Hako/Resources/Steve.png */,
			);
			name = "Skin Test Sources";
			sourceTree = "<group>";
		};
/* End PBXGroup section */

/* Begin PBXNativeTarget section */
		233ED7D63072CD6700E6B7EC /* Hako */ = {
			isa = PBXNativeTarget;
			buildConfigurationList = 233ED7E43072CD6800E6B7EC /* Build configuration list for PBXNativeTarget "Hako" */;
			buildPhases = (
				233ED7D33072CD6700E6B7EC /* Sources */,
				233ED7D43072CD6700E6B7EC /* Frameworks */,
				233ED7D53072CD6700E6B7EC /* Resources */,
			);
			buildRules = (
			);
			fileSystemSynchronizedGroups = (
				233ED7D93072CD6700E6B7EC /* Hako */,
			);
			name = Hako;
			productName = Hako;
			productReference = 233ED7D73072CD6700E6B7EC /* Hako.app */;
			productType = "com.apple.product-type.application";
		};
		83DE326D86874E518CFFB3AF /* HakoTests */ = {
			isa = PBXNativeTarget;
			buildConfigurationList = 51AF7B726DFD467F82A9F68D /* Build configuration list for PBXNativeTarget "HakoTests" */;
			buildPhases = (
				8F1FCCEB115745ABA0EF12F5 /* Sources */,
				A9E98347CF7349E4B352B712 /* Frameworks */,
				0D1BF699807E489EAC458790 /* Resources */,
			);
			buildRules = (
			);
			fileSystemSynchronizedGroups = (
				BF55C192E7034A1EA2164A18 /* HakoTests */,
			);
			name = HakoTests;
			productName = HakoTests;
			productReference = 7F342BAABE3B426BA85DB9C5 /* HakoTests.xctest */;
			productType = "com.apple.product-type.bundle.unit-test";
		};
/* End PBXNativeTarget section */

/* Begin PBXProject section */
		233ED7CF3072CD6700E6B7EC /* Project object */ = {
			isa = PBXProject;
			attributes = {
				BuildIndependentTargetsInParallel = 1;
				LastSwiftUpdateCheck = 2700;
				LastUpgradeCheck = 2700;
				TargetAttributes = {
					233ED7D63072CD6700E6B7EC = {
						CreatedOnToolsVersion = 27.0;
					};
				};
			};
			buildConfigurationList = 233ED7D23072CD6700E6B7EC /* Build configuration list for PBXProject "Hako" */;
			developmentRegion = en;
			hasScannedForEncodings = 0;
			knownRegions = (
				en,
				Base,
			);
			mainGroup = 233ED7CE3072CD6700E6B7EC;
			minimizedProjectReferenceProxies = 1;
			preferredProjectObjectVersion = 77;
			productRefGroup = 233ED7D83072CD6700E6B7EC /* Products */;
			projectDirPath = "";
			projectRoot = "";
			targets = (
				233ED7D63072CD6700E6B7EC /* Hako */,
				83DE326D86874E518CFFB3AF /* HakoTests */,
			);
		};
/* End PBXProject section */

/* Begin PBXResourcesBuildPhase section */
		0D1BF699807E489EAC458790 /* Resources */ = {
			isa = PBXResourcesBuildPhase;
			files = (
				117748F9D15649E2A666DFE0 /* Hako/Resources/Steve.png in Resources */,
			);
		};
		233ED7D53072CD6700E6B7EC /* Resources */ = {
			isa = PBXResourcesBuildPhase;
			files = (
			);
		};
/* End PBXResourcesBuildPhase section */

/* Begin PBXSourcesBuildPhase section */
		233ED7D33072CD6700E6B7EC /* Sources */ = {
			isa = PBXSourcesBuildPhase;
			files = (
			);
		};
		8F1FCCEB115745ABA0EF12F5 /* Sources */ = {
			isa = PBXSourcesBuildPhase;
			files = (
				3969B149243F465D924013E7 /* Hako/Minecraft/MinecraftSkin.swift in Sources */,
				7BA304A44DF04915B9044970 /* Hako/Minecraft/MinecraftSkinLoader.swift in Sources */,
				AC77148AC01F44EABDE88576 /* Hako/Auth/MicrosoftAuth.swift in Sources */,
				52A0AEB1BB084D53B5F5BA60 /* Hako/Account.swift in Sources */,
			);
		};
/* End PBXSourcesBuildPhase section */

/* Begin XCBuildConfiguration section */
		095730BA64A64C35BB69DB40 /* Debug configuration for PBXNativeTarget "HakoTests" */ = {
			isa = XCBuildConfiguration;
			buildSettings = {
				CODE_SIGN_STYLE = Automatic;
				GENERATE_INFOPLIST_FILE = YES;
				LD_RUNPATH_SEARCH_PATHS = (
					"$(inherited)",
					"@loader_path/../Frameworks",
					"@executable_path/../Frameworks",
				);
				PRODUCT_BUNDLE_IDENTIFIER = com.Launcher.HakoTests;
				PRODUCT_NAME = "$(TARGET_NAME)";
				SWIFT_APPROACHABLE_CONCURRENCY = YES;
				SWIFT_DEFAULT_ACTOR_ISOLATION = MainActor;
				SWIFT_VERSION = 5.0;
			};
			name = Debug;
		};
		233ED7E23072CD6800E6B7EC /* Debug configuration for PBXProject "Hako" */ = {
			isa = XCBuildConfiguration;
			buildSettings = {
				ALWAYS_SEARCH_USER_PATHS = NO;
				ASSETCATALOG_COMPILER_GENERATE_SWIFT_ASSET_SYMBOL_EXTENSIONS = YES;
				CLANG_ANALYZER_NONNULL = YES;
				CLANG_ANALYZER_NUMBER_OBJECT_CONVERSION = YES_AGGRESSIVE;
				CLANG_CXX_LANGUAGE_STANDARD = "gnu++20";
				CLANG_ENABLE_MODULES = YES;
				CLANG_ENABLE_OBJC_ARC = YES;
				CLANG_ENABLE_OBJC_WEAK = YES;
				CLANG_WARN_BLOCK_CAPTURE_AUTORELEASING = YES;
				CLANG_WARN_BOOL_CONVERSION = YES;
				CLANG_WARN_COMMA = YES;
				CLANG_WARN_CONSTANT_CONVERSION = YES;
				CLANG_WARN_DEPRECATED_OBJC_IMPLEMENTATIONS = YES;
				CLANG_WARN_DIRECT_OBJC_ISA_USAGE = YES_ERROR;
				CLANG_WARN_DOCUMENTATION_COMMENTS = YES;
				CLANG_WARN_EMPTY_BODY = YES;
				CLANG_WARN_ENUM_CONVERSION = YES;
				CLANG_WARN_INFINITE_RECURSION = YES;
				CLANG_WARN_INT_CONVERSION = YES;
				CLANG_WARN_NON_LITERAL_NULL_CONVERSION = YES;
				CLANG_WARN_OBJC_IMPLICIT_RETAIN_SELF = YES;
				CLANG_WARN_OBJC_LITERAL_CONVERSION = YES;
				CLANG_WARN_OBJC_ROOT_CLASS = YES_ERROR;
				CLANG_WARN_QUOTED_INCLUDE_IN_FRAMEWORK_HEADER = YES;
				CLANG_WARN_RANGE_LOOP_ANALYSIS = YES;
				CLANG_WARN_STRICT_PROTOTYPES = YES;
				CLANG_WARN_SUSPICIOUS_MOVE = YES;
				CLANG_WARN_UNGUARDED_AVAILABILITY = YES_AGGRESSIVE;
				CLANG_WARN_UNREACHABLE_CODE = YES;
				CLANG_WARN__DUPLICATE_METHOD_MATCH = YES;
				COPY_PHASE_STRIP = NO;
				DEBUG_INFORMATION_FORMAT = dwarf;
				DEVELOPMENT_TEAM = 9Y935NYUP9;
				ENABLE_STRICT_OBJC_MSGSEND = YES;
				ENABLE_TESTABILITY = YES;
				ENABLE_USER_SCRIPT_SANDBOXING = YES;
				GCC_C_LANGUAGE_STANDARD = gnu17;
				GCC_DYNAMIC_NO_PIC = NO;
				GCC_NO_COMMON_BLOCKS = YES;
				GCC_OPTIMIZATION_LEVEL = 0;
				GCC_PREPROCESSOR_DEFINITIONS = (
					"DEBUG=1",
					"$(inherited)",
				);
				GCC_WARN_64_TO_32_BIT_CONVERSION = YES;
				GCC_WARN_ABOUT_RETURN_TYPE = YES_ERROR;
				GCC_WARN_UNDECLARED_SELECTOR = YES;
				GCC_WARN_UNINITIALIZED_AUTOS = YES_AGGRESSIVE;
				GCC_WARN_UNUSED_FUNCTION = YES;
				GCC_WARN_UNUSED_VARIABLE = YES;
				LOCALIZATION_PREFERS_STRING_CATALOGS = YES;
				MACOSX_DEPLOYMENT_TARGET = 27.0;
				MTL_ENABLE_DEBUG_INFO = INCLUDE_SOURCE;
				MTL_FAST_MATH = YES;
				ONLY_ACTIVE_ARCH = YES;
				SDKROOT = macosx;
				SWIFT_ACTIVE_COMPILATION_CONDITIONS = "DEBUG $(inherited)";
				SWIFT_OPTIMIZATION_LEVEL = "-Onone";
			};
			name = Debug;
		};
		233ED7E33072CD6800E6B7EC /* Release configuration for PBXProject "Hako" */ = {
			isa = XCBuildConfiguration;
			buildSettings = {
				ALWAYS_SEARCH_USER_PATHS = NO;
				ASSETCATALOG_COMPILER_GENERATE_SWIFT_ASSET_SYMBOL_EXTENSIONS = YES;
				CLANG_ANALYZER_NONNULL = YES;
				CLANG_ANALYZER_NUMBER_OBJECT_CONVERSION = YES_AGGRESSIVE;
				CLANG_CXX_LANGUAGE_STANDARD = "gnu++20";
				CLANG_ENABLE_MODULES = YES;
				CLANG_ENABLE_OBJC_ARC = YES;
				CLANG_ENABLE_OBJC_WEAK = YES;
				CLANG_WARN_BLOCK_CAPTURE_AUTORELEASING = YES;
				CLANG_WARN_BOOL_CONVERSION = YES;
				CLANG_WARN_COMMA = YES;
				CLANG_WARN_CONSTANT_CONVERSION = YES;
				CLANG_WARN_DEPRECATED_OBJC_IMPLEMENTATIONS = YES;
				CLANG_WARN_DIRECT_OBJC_ISA_USAGE = YES_ERROR;
				CLANG_WARN_DOCUMENTATION_COMMENTS = YES;
				CLANG_WARN_EMPTY_BODY = YES;
				CLANG_WARN_ENUM_CONVERSION = YES;
				CLANG_WARN_INFINITE_RECURSION = YES;
				CLANG_WARN_INT_CONVERSION = YES;
				CLANG_WARN_NON_LITERAL_NULL_CONVERSION = YES;
				CLANG_WARN_OBJC_IMPLICIT_RETAIN_SELF = YES;
				CLANG_WARN_OBJC_LITERAL_CONVERSION = YES;
				CLANG_WARN_OBJC_ROOT_CLASS = YES_ERROR;
				CLANG_WARN_QUOTED_INCLUDE_IN_FRAMEWORK_HEADER = YES;
				CLANG_WARN_RANGE_LOOP_ANALYSIS = YES;
				CLANG_WARN_STRICT_PROTOTYPES = YES;
				CLANG_WARN_SUSPICIOUS_MOVE = YES;
				CLANG_WARN_UNGUARDED_AVAILABILITY = YES_AGGRESSIVE;
				CLANG_WARN_UNREACHABLE_CODE = YES;
				CLANG_WARN__DUPLICATE_METHOD_MATCH = YES;
				COPY_PHASE_STRIP = NO;
				DEBUG_INFORMATION_FORMAT = "dwarf-with-dsym";
				DEVELOPMENT_TEAM = 9Y935NYUP9;
				ENABLE_NS_ASSERTIONS = NO;
				ENABLE_STRICT_OBJC_MSGSEND = YES;
				ENABLE_USER_SCRIPT_SANDBOXING = YES;
				GCC_C_LANGUAGE_STANDARD = gnu17;
				GCC_NO_COMMON_BLOCKS = YES;
				GCC_WARN_64_TO_32_BIT_CONVERSION = YES;
				GCC_WARN_ABOUT_RETURN_TYPE = YES_ERROR;
				GCC_WARN_UNDECLARED_SELECTOR = YES;
				GCC_WARN_UNINITIALIZED_AUTOS = YES_AGGRESSIVE;
				GCC_WARN_UNUSED_FUNCTION = YES;
				GCC_WARN_UNUSED_VARIABLE = YES;
				LOCALIZATION_PREFERS_STRING_CATALOGS = YES;
				MACOSX_DEPLOYMENT_TARGET = 27.0;
				MTL_ENABLE_DEBUG_INFO = NO;
				MTL_FAST_MATH = YES;
				SDKROOT = macosx;
				SWIFT_COMPILATION_MODE = wholemodule;
			};
			name = Release;
		};
		233ED7E53072CD6800E6B7EC /* Debug configuration for PBXNativeTarget "Hako" */ = {
			isa = XCBuildConfiguration;
			buildSettings = {
				ASSETCATALOG_COMPILER_APPICON_NAME = AppIcon;
				ASSETCATALOG_COMPILER_GLOBAL_ACCENT_COLOR_NAME = AccentColor;
				CODE_SIGN_STYLE = Automatic;
				COMBINE_HIDPI_IMAGES = YES;
				CURRENT_PROJECT_VERSION = 1;
				DEVELOPMENT_TEAM = 9Y935NYUP9;
				ENABLE_APP_SANDBOX = YES;
				ENABLE_HARDENED_RUNTIME = YES;
				ENABLE_OUTGOING_NETWORK_CONNECTIONS = YES;
				ENABLE_PREVIEWS = YES;
				ENABLE_USER_SELECTED_FILES = readonly;
				GENERATE_INFOPLIST_FILE = YES;
				INFOPLIST_KEY_NSHumanReadableCopyright = "";
				LD_RUNPATH_SEARCH_PATHS = (
					"$(inherited)",
					"@executable_path/../Frameworks",
				);
				MARKETING_VERSION = 1.0;
				PRODUCT_BUNDLE_IDENTIFIER = com.Launcher.Hako;
				PRODUCT_NAME = "$(TARGET_NAME)";
				REGISTER_APP_GROUPS = YES;
				STRING_CATALOG_GENERATE_SYMBOLS = YES;
				SWIFT_APPROACHABLE_CONCURRENCY = YES;
				SWIFT_DEFAULT_ACTOR_ISOLATION = MainActor;
				SWIFT_EMIT_LOC_STRINGS = YES;
				SWIFT_UPCOMING_FEATURE_MEMBER_IMPORT_VISIBILITY = YES;
				SWIFT_VERSION = 5.0;
			};
			name = Debug;
		};
		233ED7E63072CD6800E6B7EC /* Release configuration for PBXNativeTarget "Hako" */ = {
			isa = XCBuildConfiguration;
			buildSettings = {
				ASSETCATALOG_COMPILER_APPICON_NAME = AppIcon;
				ASSETCATALOG_COMPILER_GLOBAL_ACCENT_COLOR_NAME = AccentColor;
				CODE_SIGN_STYLE = Automatic;
				COMBINE_HIDPI_IMAGES = YES;
				CURRENT_PROJECT_VERSION = 1;
				DEVELOPMENT_TEAM = 9Y935NYUP9;
				ENABLE_APP_SANDBOX = YES;
				ENABLE_HARDENED_RUNTIME = YES;
				ENABLE_OUTGOING_NETWORK_CONNECTIONS = YES;
				ENABLE_PREVIEWS = YES;
				ENABLE_USER_SELECTED_FILES = readonly;
				GENERATE_INFOPLIST_FILE = YES;
				INFOPLIST_KEY_NSHumanReadableCopyright = "";
				LD_RUNPATH_SEARCH_PATHS = (
					"$(inherited)",
					"@executable_path/../Frameworks",
				);
				MARKETING_VERSION = 1.0;
				PRODUCT_BUNDLE_IDENTIFIER = com.Launcher.Hako;
				PRODUCT_NAME = "$(TARGET_NAME)";
				REGISTER_APP_GROUPS = YES;
				STRING_CATALOG_GENERATE_SYMBOLS = YES;
				SWIFT_APPROACHABLE_CONCURRENCY = YES;
				SWIFT_DEFAULT_ACTOR_ISOLATION = MainActor;
				SWIFT_EMIT_LOC_STRINGS = YES;
				SWIFT_UPCOMING_FEATURE_MEMBER_IMPORT_VISIBILITY = YES;
				SWIFT_VERSION = 5.0;
			};
			name = Release;
		};
		8210802D714E493E9C3E4AAD /* Release configuration for PBXNativeTarget "HakoTests" */ = {
			isa = XCBuildConfiguration;
			buildSettings = {
				CODE_SIGN_STYLE = Automatic;
				GENERATE_INFOPLIST_FILE = YES;
				LD_RUNPATH_SEARCH_PATHS = (
					"$(inherited)",
					"@loader_path/../Frameworks",
					"@executable_path/../Frameworks",
				);
				PRODUCT_BUNDLE_IDENTIFIER = com.Launcher.HakoTests;
				PRODUCT_NAME = "$(TARGET_NAME)";
				SWIFT_APPROACHABLE_CONCURRENCY = YES;
				SWIFT_DEFAULT_ACTOR_ISOLATION = MainActor;
				SWIFT_VERSION = 5.0;
			};
			name = Release;
		};
/* End XCBuildConfiguration section */

/* Begin XCConfigurationList section */
		233ED7D23072CD6700E6B7EC /* Build configuration list for PBXProject "Hako" */ = {
			isa = XCConfigurationList;
			buildConfigurations = (
				233ED7E23072CD6800E6B7EC /* Debug configuration for PBXProject "Hako" */,
				233ED7E33072CD6800E6B7EC /* Release configuration for PBXProject "Hako" */,
			);
			defaultConfigurationName = Release;
		};
		233ED7E43072CD6800E6B7EC /* Build configuration list for PBXNativeTarget "Hako" */ = {
			isa = XCConfigurationList;
			buildConfigurations = (
				233ED7E53072CD6800E6B7EC /* Debug configuration for PBXNativeTarget "Hako" */,
				233ED7E63072CD6800E6B7EC /* Release configuration for PBXNativeTarget "Hako" */,
			);
			defaultConfigurationName = Release;
		};
		51AF7B726DFD467F82A9F68D /* Build configuration list for PBXNativeTarget "HakoTests" */ = {
			isa = XCConfigurationList;
			buildConfigurations = (
				095730BA64A64C35BB69DB40 /* Debug configuration for PBXNativeTarget "HakoTests" */,
				8210802D714E493E9C3E4AAD /* Release configuration for PBXNativeTarget "HakoTests" */,
			);
			defaultConfigurationName = Release;
		};
/* End XCConfigurationList section */
	};
	rootObject = 233ED7CF3072CD6700E6B7EC /* Project object */;
	validationLevel = 1;
}
