// !$*UTF8*$!
{
	archiveVersion = 1;
	classes = {
	};
	objectVersion = 110;
	objects = {

/* Begin PBXBuildFile section */
		117748F9D15649E2A666DFE0 /* Hako/Resources/Steve.png in Resources */ = {isa = PBXBuildFile; fileRef = 8B4BB7C578684614BF24DCCC /* Hako/Resources/Steve.png */; };
		12E753413C43D177C2195D62 /* Hako/Minecraft/MojangModels.swift in Sources */ = {isa = PBXBuildFile; fileRef = 286ACECFA33B42C2FA7520EC /* Hako/Minecraft/MojangModels.swift */; };
		23B7A7CE3562B8B430CBC697 /* Hako/Minecraft/MojangClient.swift in Sources */ = {isa = PBXBuildFile; fileRef = 1EFFAEAD1958802A70849B30 /* Hako/Minecraft/MojangClient.swift */; };
		33BFFA4BCD294EA2B2C42E14 /* Hako/Minecraft/LaunchArguments.swift in Sources */ = {isa = PBXBuildFile; fileRef = 6A4EE77C8D0049BB9F58B4B7 /* Hako/Minecraft/LaunchArguments.swift */; };
		384D5AE25096F2046BCB9D66 /* Hako/Instances/InstanceContentController.swift in Sources */ = {isa = PBXBuildFile; fileRef = 480885C4F1990E806A222314 /* Hako/Instances/InstanceContentController.swift */; };
		3969B149243F465D924013E7 /* Hako/Minecraft/MinecraftSkin.swift in Sources */ = {isa = PBXBuildFile; fileRef = 33A91ADF86C64DC8A53E1991 /* Hako/Minecraft/MinecraftSkin.swift */; };
		436B78A4C6AD9546AADFB9E7 /* Hako/Instances/InstanceContent.swift in Sources */ = {isa = PBXBuildFile; fileRef = 1B6A550B2A7F7F3DEF381D8C /* Hako/Instances/InstanceContent.swift */; };
		52A0AEB1BB084D53B5F5BA60 /* Hako/Account.swift in Sources */ = {isa = PBXBuildFile; fileRef = 2D928C9849034172A43769FB /* Hako/Account.swift */; };
		532E7356524829C76834ADE8 /* Hako/Instances/GameInstance.swift in Sources */ = {isa = PBXBuildFile; fileRef = 9D8D8E1428996CD5856D89FE /* Hako/Instances/GameInstance.swift */; };
		6298409605D2F85B348C9268 /* Hako/Minecraft/MinecraftInstaller.swift in Sources */ = {isa = PBXBuildFile; fileRef = AA0BFA881C42E99285F585E3 /* Hako/Minecraft/MinecraftInstaller.swift */; };
		6A511B571744480C81DF4B9D /* Hako/Minecraft/MinecraftLaunchPlan.swift in Sources */ = {isa = PBXBuildFile; fileRef = D82AE02E86C9459FBBAA6866 /* Hako/Minecraft/MinecraftLaunchPlan.swift */; };
		7BA304A44DF04915B9044970 /* Hako/Minecraft/MinecraftSkinLoader.swift in Sources */ = {isa = PBXBuildFile; fileRef = A92821607F654453A3700F99 /* Hako/Minecraft/MinecraftSkinLoader.swift */; };
		8FF45D80DC8F48BA8CE18896 /* Hako/Instances/GameLaunchCoordinator.swift in Sources */ = {isa = PBXBuildFile; fileRef = C07ABF19DDF64E2FA24BB069 /* Hako/Instances/GameLaunchCoordinator.swift */; };
		A6D6534AF7444C3E9AF69C5A /* Hako/Minecraft/JavaLaunchValidation.swift in Sources */ = {isa = PBXBuildFile; fileRef = F33A143645BB4C788CA6EE7C /* Hako/Minecraft/JavaLaunchValidation.swift */; };
		AC77148AC01F44EABDE88576 /* Hako/Auth/MicrosoftAuth.swift in Sources */ = {isa = PBXBuildFile; fileRef = 7807B1C2156845C09A8285F3 /* Hako/Auth/MicrosoftAuth.swift */; };
		B4588F83C3B9F0485A2B8929 /* Hako/Minecraft/FabricModels.swift in Sources */ = {isa = PBXBuildFile; fileRef = D451EB603BA15CEF3FDC6D8E /* Hako/Minecraft/FabricModels.swift */; };
		BF1DC6780ACF4C9CBBF60617 /* Hako/Minecraft/GameProcessRunner.swift in Sources */ = {isa = PBXBuildFile; fileRef = 8AA721C749B34EAFB630C89E /* Hako/Minecraft/GameProcessRunner.swift */; };
		D447525EB183A535C5D667B2 /* Hako/AppDataLocation.swift in Sources */ = {isa = PBXBuildFile; fileRef = CF560E1908E666AD15802B46 /* Hako/AppDataLocation.swift */; };
		D491978AF7318A6470038C86 /* Hako/Instances/InstanceStorage.swift in Sources */ = {isa = PBXBuildFile; fileRef = AA0DB743DC3141178C7C3DF0 /* Hako/Instances/InstanceStorage.swift */; };
		E36E0669EC0B4B51BA05CE68 /* Hako/Auth/MinecraftSessionCoordinator.swift in Sources */ = {isa = PBXBuildFile; fileRef = 713B67E3DC294109979EF098 /* Hako/Auth/MinecraftSessionCoordinator.swift */; };
		E38E63D0F70D7344DFBE6E28 /* Hako/Minecraft/FabricClient.swift in Sources */ = {isa = PBXBuildFile; fileRef = 1144EB16EEA816036B6A215B /* Hako/Minecraft/FabricClient.swift */; };
		F6D5560D00A2FE27B58DD1D5 /* Hako/GameLaunchDefaults.swift in Sources */ = {isa = PBXBuildFile; fileRef = 2F6FE82857DF991B2EEBB00A /* Hako/GameLaunchDefaults.swift */; };
		F7A000000000000000000001 /* Hako/Playtime/PlaytimeModels.swift in Sources */ = {isa = PBXBuildFile; fileRef = F7A000000000000000000011 /* Hako/Playtime/PlaytimeModels.swift */; };
		F7A000000000000000000002 /* Hako/Playtime/PlaytimeCoordinator.swift in Sources */ = {isa = PBXBuildFile; fileRef = F7A000000000000000000012 /* Hako/Playtime/PlaytimeCoordinator.swift */; };
		F7A000000000000000000003 /* Hako/Playtime/PlaytimeJournal.swift in Sources */ = {isa = PBXBuildFile; fileRef = F7A000000000000000000013 /* Hako/Playtime/PlaytimeJournal.swift */; };
		F7A000000000000000000004 /* Hako/Playtime/PlaytimeHelperClient.swift in Sources */ = {isa = PBXBuildFile; fileRef = F7A000000000000000000014 /* Hako/Playtime/PlaytimeHelperClient.swift */; };
		F7A000000000000000000005 /* Hako/Playtime/PlaytimeJournal.swift in Sources */ = {isa = PBXBuildFile; fileRef = F7A000000000000000000013 /* Hako/Playtime/PlaytimeJournal.swift */; };
		F7A000000000000000000006 /* Hako/Playtime/PlaytimeFormatter.swift in Sources */ = {isa = PBXBuildFile; fileRef = F7A000000000000000000015 /* Hako/Playtime/PlaytimeFormatter.swift */; };
		F7A00000000000000000003E /* HakoPlaytimeHelper in Embed playtime helper */ = {isa = PBXBuildFile; fileRef = F7A000000000000000000031 /* HakoPlaytimeHelper */; settings = {ATTRIBUTES = (CodeSignOnCopy, ); }; };
		F9020B2D5D95794ED92A9111 /* Hako/Instances/InstallationCoordinator.swift in Sources */ = {isa = PBXBuildFile; fileRef = 8A80A6C3FF05F6427E4DD757 /* Hako/Instances/InstallationCoordinator.swift */; };
		FB69CA22D4CD43ACAAA7D04F /* Hako/Auth/TokenKeychain.swift in Sources */ = {isa = PBXBuildFile; fileRef = 6B64FAA21A8A4B4FBC8E1FC5 /* Hako/Auth/TokenKeychain.swift */; };
/* End PBXBuildFile section */

/* Begin PBXContainerItemProxy section */
		F7A000000000000000000038 /* PBXContainerItemProxy */ = {
			isa = PBXContainerItemProxy;
			containerPortal = 233ED7CF3072CD6700E6B7EC /* Project object */;
			proxyType = 1;
			remoteGlobalIDString = F7A000000000000000000030;
			remoteInfo = HakoPlaytimeHelper;
		};
/* End PBXContainerItemProxy section */

/* Begin PBXCopyFilesBuildPhase section */
		F7A00000000000000000003D /* Embed playtime helper */ = {
			isa = PBXCopyFilesBuildPhase;
			dstPath = "";
			dstSubfolder = Executables;
			files = (
				F7A00000000000000000003E /* HakoPlaytimeHelper in Embed playtime helper */,
			);
			name = "Embed playtime helper";
		};
/* End PBXCopyFilesBuildPhase section */

/* Begin PBXFileReference section */
		1144EB16EEA816036B6A215B /* Hako/Minecraft/FabricClient.swift */ = {isa = PBXFileReference; lastKnownFileType = sourcecode.swift; path = Hako/Minecraft/FabricClient.swift; sourceTree = SOURCE_ROOT; };
		1B6A550B2A7F7F3DEF381D8C /* Hako/Instances/InstanceContent.swift */ = {isa = PBXFileReference; lastKnownFileType = sourcecode.swift; path = Hako/Instances/InstanceContent.swift; sourceTree = SOURCE_ROOT; };
		1EFFAEAD1958802A70849B30 /* Hako/Minecraft/MojangClient.swift */ = {isa = PBXFileReference; lastKnownFileType = sourcecode.swift; path = Hako/Minecraft/MojangClient.swift; sourceTree = SOURCE_ROOT; };
		233ED7D73072CD6700E6B7EC /* Hako.app */ = {isa = PBXFileReference; explicitFileType = wrapper.application; includeInIndex = 0; path = Hako.app; sourceTree = BUILT_PRODUCTS_DIR; };
		286ACECFA33B42C2FA7520EC /* Hako/Minecraft/MojangModels.swift */ = {isa = PBXFileReference; lastKnownFileType = sourcecode.swift; path = Hako/Minecraft/MojangModels.swift; sourceTree = SOURCE_ROOT; };
		2D928C9849034172A43769FB /* Hako/Account.swift */ = {isa = PBXFileReference; lastKnownFileType = sourcecode.swift; path = Hako/Account.swift; sourceTree = SOURCE_ROOT; };
		2F6FE82857DF991B2EEBB00A /* Hako/GameLaunchDefaults.swift */ = {isa = PBXFileReference; lastKnownFileType = sourcecode.swift; path = Hako/GameLaunchDefaults.swift; sourceTree = SOURCE_ROOT; };
		33A91ADF86C64DC8A53E1991 /* Hako/Minecraft/MinecraftSkin.swift */ = {isa = PBXFileReference; lastKnownFileType = sourcecode.swift; path = Hako/Minecraft/MinecraftSkin.swift; sourceTree = SOURCE_ROOT; };
		480885C4F1990E806A222314 /* Hako/Instances/InstanceContentController.swift */ = {isa = PBXFileReference; lastKnownFileType = sourcecode.swift; path = Hako/Instances/InstanceContentController.swift; sourceTree = SOURCE_ROOT; };
		6A4EE77C8D0049BB9F58B4B7 /* Hako/Minecraft/LaunchArguments.swift */ = {isa = PBXFileReference; lastKnownFileType = sourcecode.swift; path = Hako/Minecraft/LaunchArguments.swift; sourceTree = SOURCE_ROOT; };
		6B64FAA21A8A4B4FBC8E1FC5 /* Hako/Auth/TokenKeychain.swift */ = {isa = PBXFileReference; lastKnownFileType = sourcecode.swift; path = Hako/Auth/TokenKeychain.swift; sourceTree = SOURCE_ROOT; };
		713B67E3DC294109979EF098 /* Hako/Auth/MinecraftSessionCoordinator.swift */ = {isa = PBXFileReference; lastKnownFileType = sourcecode.swift; path = Hako/Auth/MinecraftSessionCoordinator.swift; sourceTree = SOURCE_ROOT; };
		7807B1C2156845C09A8285F3 /* Hako/Auth/MicrosoftAuth.swift */ = {isa = PBXFileReference; lastKnownFileType = sourcecode.swift; path = Hako/Auth/MicrosoftAuth.swift; sourceTree = SOURCE_ROOT; };
		7F342BAABE3B426BA85DB9C5 /* HakoTests.xctest */ = {isa = PBXFileReference; explicitFileType = wrapper.cfbundle; path = HakoTests.xctest; sourceTree = BUILT_PRODUCTS_DIR; };
		8A80A6C3FF05F6427E4DD757 /* Hako/Instances/InstallationCoordinator.swift */ = {isa = PBXFileReference; lastKnownFileType = sourcecode.swift; path = Hako/Instances/InstallationCoordinator.swift; sourceTree = SOURCE_ROOT; };
		8AA721C749B34EAFB630C89E /* Hako/Minecraft/GameProcessRunner.swift */ = {isa = PBXFileReference; lastKnownFileType = sourcecode.swift; path = Hako/Minecraft/GameProcessRunner.swift; sourceTree = SOURCE_ROOT; };
		8B4BB7C578684614BF24DCCC /* Hako/Resources/Steve.png */ = {isa = PBXFileReference; lastKnownFileType = image.png; path = Hako/Resources/Steve.png; sourceTree = SOURCE_ROOT; };
		9D8D8E1428996CD5856D89FE /* Hako/Instances/GameInstance.swift */ = {isa = PBXFileReference; lastKnownFileType = sourcecode.swift; path = Hako/Instances/GameInstance.swift; sourceTree = SOURCE_ROOT; };
		A92821607F654453A3700F99 /* Hako/Minecraft/MinecraftSkinLoader.swift */ = {isa = PBXFileReference; lastKnownFileType = sourcecode.swift; path = Hako/Minecraft/MinecraftSkinLoader.swift; sourceTree = SOURCE_ROOT; };
		AA0BFA881C42E99285F585E3 /* Hako/Minecraft/MinecraftInstaller.swift */ = {isa = PBXFileReference; lastKnownFileType = sourcecode.swift; path = Hako/Minecraft/MinecraftInstaller.swift; sourceTree = SOURCE_ROOT; };
		AA0DB743DC3141178C7C3DF0 /* Hako/Instances/InstanceStorage.swift */ = {isa = PBXFileReference; lastKnownFileType = sourcecode.swift; path = Hako/Instances/InstanceStorage.swift; sourceTree = SOURCE_ROOT; };
		C07ABF19DDF64E2FA24BB069 /* Hako/Instances/GameLaunchCoordinator.swift */ = {isa = PBXFileReference; lastKnownFileType = sourcecode.swift; path = Hako/Instances/GameLaunchCoordinator.swift; sourceTree = SOURCE_ROOT; };
		CF560E1908E666AD15802B46 /* Hako/AppDataLocation.swift */ = {isa = PBXFileReference; lastKnownFileType = sourcecode.swift; path = Hako/AppDataLocation.swift; sourceTree = SOURCE_ROOT; };
		D451EB603BA15CEF3FDC6D8E /* Hako/Minecraft/FabricModels.swift */ = {isa = PBXFileReference; lastKnownFileType = sourcecode.swift; path = Hako/Minecraft/FabricModels.swift; sourceTree = SOURCE_ROOT; };
		D82AE02E86C9459FBBAA6866 /* Hako/Minecraft/MinecraftLaunchPlan.swift */ = {isa = PBXFileReference; lastKnownFileType = sourcecode.swift; path = Hako/Minecraft/MinecraftLaunchPlan.swift; sourceTree = SOURCE_ROOT; };
		F33A143645BB4C788CA6EE7C /* Hako/Minecraft/JavaLaunchValidation.swift */ = {isa = PBXFileReference; lastKnownFileType = sourcecode.swift; path = Hako/Minecraft/JavaLaunchValidation.swift; sourceTree = SOURCE_ROOT; };
		F7A000000000000000000011 /* Hako/Playtime/PlaytimeModels.swift */ = {isa = PBXFileReference; lastKnownFileType = sourcecode.swift; path = Hako/Playtime/PlaytimeModels.swift; sourceTree = SOURCE_ROOT; };
		F7A000000000000000000012 /* Hako/Playtime/PlaytimeCoordinator.swift */ = {isa = PBXFileReference; lastKnownFileType = sourcecode.swift; path = Hako/Playtime/PlaytimeCoordinator.swift; sourceTree = SOURCE_ROOT; };
		F7A000000000000000000013 /* Hako/Playtime/PlaytimeJournal.swift */ = {isa = PBXFileReference; lastKnownFileType = sourcecode.swift; path = Hako/Playtime/PlaytimeJournal.swift; sourceTree = SOURCE_ROOT; };
		F7A000000000000000000014 /* Hako/Playtime/PlaytimeHelperClient.swift */ = {isa = PBXFileReference; lastKnownFileType = sourcecode.swift; path = Hako/Playtime/PlaytimeHelperClient.swift; sourceTree = SOURCE_ROOT; };
		F7A000000000000000000015 /* Hako/Playtime/PlaytimeFormatter.swift */ = {isa = PBXFileReference; lastKnownFileType = sourcecode.swift; path = Hako/Playtime/PlaytimeFormatter.swift; sourceTree = SOURCE_ROOT; };
		F7A000000000000000000031 /* HakoPlaytimeHelper */ = {isa = PBXFileReference; explicitFileType = "compiled.mach-o.executable"; includeInIndex = 0; path = HakoPlaytimeHelper; sourceTree = BUILT_PRODUCTS_DIR; };
/* End PBXFileReference section */

/* Begin PBXFileSystemSynchronizedRootGroup section */
		233ED7D93072CD6700E6B7EC /* Hako */ = {
			isa = PBXFileSystemSynchronizedRootGroup;
			path = Hako;
			sourceTree = "<group>";
		};
		BF55C192E7034A1EA2164A18 /* HakoTests */ = {
			isa = PBXFileSystemSynchronizedRootGroup;
			path = HakoTests;
			sourceTree = "<group>";
		};
		F7A000000000000000000037 /* HakoPlaytimeHelper */ = {
			isa = PBXFileSystemSynchronizedRootGroup;
			path = HakoPlaytimeHelper;
			sourceTree = "<group>";
		};
/* End PBXFileSystemSynchronizedRootGroup section */

/* Begin PBXFrameworksBuildPhase section */
		233ED7D43072CD6700E6B7EC /* Frameworks */ = {
			isa = PBXFrameworksBuildPhase;
			files = (
			);
		};
		A9E98347CF7349E4B352B712 /* Frameworks */ = {
			isa = PBXFrameworksBuildPhase;
			files = (
			);
		};
		F7A000000000000000000033 /* Frameworks */ = {
			isa = PBXFrameworksBuildPhase;
			files = (
			);
		};
/* End PBXFrameworksBuildPhase section */

/* Begin PBXGroup section */
		233ED7CE3072CD6700E6B7EC = {
			isa = PBXGroup;
			children = (
				233ED7D93072CD6700E6B7EC /* Hako */,
				F7A000000000000000000037 /* HakoPlaytimeHelper */,
				BF55C192E7034A1EA2164A18 /* HakoTests */,
				90AD16F7D5E045B89C203407 /* Skin Test Sources */,
				233ED7D83072CD6700E6B7EC /* Products */,
			);
			sourceTree = "<group>";
		};
		233ED7D83072CD6700E6B7EC /* Products */ = {
			isa = PBXGroup;
			children = (
				233ED7D73072CD6700E6B7EC /* Hako.app */,
				7F342BAABE3B426BA85DB9C5 /* HakoTests.xctest */,
				F7A000000000000000000031 /* HakoPlaytimeHelper */,
			);
			name = Products;
			sourceTree = "<group>";
		};
		90AD16F7D5E045B89C203407 /* Skin Test Sources */ = {
			isa = PBXGroup;
			children = (
				480885C4F1990E806A222314 /* Hako/Instances/InstanceContentController.swift */,
				1144EB16EEA816036B6A215B /* Hako/Minecraft/FabricClient.swift */,
				D451EB603BA15CEF3FDC6D8E /* Hako/Minecraft/FabricModels.swift */,
				F7A000000000000000000015 /* Hako/Playtime/PlaytimeFormatter.swift */,
				F7A000000000000000000013 /* Hako/Playtime/PlaytimeJournal.swift */,
				F7A000000000000000000014 /* Hako/Playtime/PlaytimeHelperClient.swift */,
				F7A000000000000000000011 /* Hako/Playtime/PlaytimeModels.swift */,
				F7A000000000000000000012 /* Hako/Playtime/PlaytimeCoordinator.swift */,
				33A91ADF86C64DC8A53E1991 /* Hako/Minecraft/MinecraftSkin.swift */,
				A92821607F654453A3700F99 /* Hako/Minecraft/MinecraftSkinLoader.swift */,
				7807B1C2156845C09A8285F3 /* Hako/Auth/MicrosoftAuth.swift */,
				2D928C9849034172A43769FB /* Hako/Account.swift */,
				8B4BB7C578684614BF24DCCC /* Hako/Resources/Steve.png */,
				9D8D8E1428996CD5856D89FE /* Hako/Instances/GameInstance.swift */,
				AA0DB743DC3141178C7C3DF0 /* Hako/Instances/InstanceStorage.swift */,
				2F6FE82857DF991B2EEBB00A /* Hako/GameLaunchDefaults.swift */,
				713B67E3DC294109979EF098 /* Hako/Auth/MinecraftSessionCoordinator.swift */,
				6B64FAA21A8A4B4FBC8E1FC5 /* Hako/Auth/TokenKeychain.swift */,
				C07ABF19DDF64E2FA24BB069 /* Hako/Instances/GameLaunchCoordinator.swift */,
				8AA721C749B34EAFB630C89E /* Hako/Minecraft/GameProcessRunner.swift */,
				F33A143645BB4C788CA6EE7C /* Hako/Minecraft/JavaLaunchValidation.swift */,
				D82AE02E86C9459FBBAA6866 /* Hako/Minecraft/MinecraftLaunchPlan.swift */,
				6A4EE77C8D0049BB9F58B4B7 /* Hako/Minecraft/LaunchArguments.swift */,
				CF560E1908E666AD15802B46 /* Hako/AppDataLocation.swift */,
				286ACECFA33B42C2FA7520EC /* Hako/Minecraft/MojangModels.swift */,
				1EFFAEAD1958802A70849B30 /* Hako/Minecraft/MojangClient.swift */,
				AA0BFA881C42E99285F585E3 /* Hako/Minecraft/MinecraftInstaller.swift */,
				8A80A6C3FF05F6427E4DD757 /* Hako/Instances/InstallationCoordinator.swift */,
				1B6A550B2A7F7F3DEF381D8C /* Hako/Instances/InstanceContent.swift */,
			);
			name = "Skin Test Sources";
			sourceTree = "<group>";
		};
/* End PBXGroup section */

/* Begin PBXNativeTarget section */
		233ED7D63072CD6700E6B7EC /* Hako */ = {
			isa = PBXNativeTarget;
			buildConfigurationList = 233ED7E43072CD6800E6B7EC /* Build configuration list for PBXNativeTarget "Hako" */;
			buildPhases = (
				233ED7D33072CD6700E6B7EC /* Sources */,
				233ED7D43072CD6700E6B7EC /* Frameworks */,
				233ED7D53072CD6700E6B7EC /* Resources */,
				F7A00000000000000000003D /* Embed playtime helper */,
			);
			buildRules = (
			);
			dependencies = (
				F7A000000000000000000039 /* PBXTargetDependency */,
			);
			fileSystemSynchronizedGroups = (
				233ED7D93072CD6700E6B7EC /* Hako */,
			);
			name = Hako;
			productName = Hako;
			productReference = 233ED7D73072CD6700E6B7EC /* Hako.app */;
			productType = "com.apple.product-type.application";
		};
		83DE326D86874E518CFFB3AF /* HakoTests */ = {
			isa = PBXNativeTarget;
			buildConfigurationList = 51AF7B726DFD467F82A9F68D /* Build configuration list for PBXNativeTarget "HakoTests" */;
			buildPhases = (
				8F1FCCEB115745ABA0EF12F5 /* Sources */,
				A9E98347CF7349E4B352B712 /* Frameworks */,
				0D1BF699807E489EAC458790 /* Resources */,
			);
			buildRules = (
			);
			dependencies = (
				F7A00000000000000000003A /* PBXTargetDependency */,
			);
			fileSystemSynchronizedGroups = (
				BF55C192E7034A1EA2164A18 /* HakoTests */,
			);
			name = HakoTests;
			productName = HakoTests;
			productReference = 7F342BAABE3B426BA85DB9C5 /* HakoTests.xctest */;
			productType = "com.apple.product-type.bundle.unit-test";
		};
		F7A000000000000000000030 /* HakoPlaytimeHelper */ = {
			isa = PBXNativeTarget;
			buildConfigurationList = F7A000000000000000000034 /* Build configuration list for PBXNativeTarget "HakoPlaytimeHelper" */;
			buildPhases = (
				F7A000000000000000000032 /* Sources */,
				F7A000000000000000000033 /* Frameworks */,
			);
			buildRules = (
			);
			fileSystemSynchronizedGroups = (
				F7A000000000000000000037 /* HakoPlaytimeHelper */,
			);
			name = HakoPlaytimeHelper;
			productName = HakoPlaytimeHelper;
			productReference = F7A000000000000000000031 /* HakoPlaytimeHelper */;
			productType = "com.apple.product-type.tool";
		};
/* End PBXNativeTarget section */

/* Begin PBXProject section */
		233ED7CF3072CD6700E6B7EC /* Project object */ = {
			isa = PBXProject;
			attributes = {
				BuildIndependentTargetsInParallel = 1;
				LastSwiftUpdateCheck = 2700;
				LastUpgradeCheck = 2700;
				TargetAttributes = {
					233ED7D63072CD6700E6B7EC = {
						CreatedOnToolsVersion = 27.0;
					};
				};
			};
			buildConfigurationList = 233ED7D23072CD6700E6B7EC /* Build configuration list for PBXProject "Hako" */;
			developmentRegion = en;
			hasScannedForEncodings = 0;
			knownRegions = (
				en,
				Base,
			);
			mainGroup = 233ED7CE3072CD6700E6B7EC;
			minimizedProjectReferenceProxies = 1;
			preferredProjectObjectVersion = 77;
			productRefGroup = 233ED7D83072CD6700E6B7EC /* Products */;
			projectDirPath = "";
			projectRoot = "";
			targets = (
				233ED7D63072CD6700E6B7EC /* Hako */,
				83DE326D86874E518CFFB3AF /* HakoTests */,
				F7A000000000000000000030 /* HakoPlaytimeHelper */,
			);
		};
/* End PBXProject section */

/* Begin PBXResourcesBuildPhase section */
		0D1BF699807E489EAC458790 /* Resources */ = {
			isa = PBXResourcesBuildPhase;
			files = (
				117748F9D15649E2A666DFE0 /* Hako/Resources/Steve.png in Resources */,
			);
		};
		233ED7D53072CD6700E6B7EC /* Resources */ = {
			isa = PBXResourcesBuildPhase;
			files = (
			);
		};
/* End PBXResourcesBuildPhase section */

/* Begin PBXSourcesBuildPhase section */
		233ED7D33072CD6700E6B7EC /* Sources */ = {
			isa = PBXSourcesBuildPhase;
			files = (
			);
		};
		8F1FCCEB115745ABA0EF12F5 /* Sources */ = {
			isa = PBXSourcesBuildPhase;
			files = (
				384D5AE25096F2046BCB9D66 /* Hako/Instances/InstanceContentController.swift in Sources */,
				E38E63D0F70D7344DFBE6E28 /* Hako/Minecraft/FabricClient.swift in Sources */,
				B4588F83C3B9F0485A2B8929 /* Hako/Minecraft/FabricModels.swift in Sources */,
				532E7356524829C76834ADE8 /* Hako/Instances/GameInstance.swift in Sources */,
				D491978AF7318A6470038C86 /* Hako/Instances/InstanceStorage.swift in Sources */,
				F6D5560D00A2FE27B58DD1D5 /* Hako/GameLaunchDefaults.swift in Sources */,
				E36E0669EC0B4B51BA05CE68 /* Hako/Auth/MinecraftSessionCoordinator.swift in Sources */,
				FB69CA22D4CD43ACAAA7D04F /* Hako/Auth/TokenKeychain.swift in Sources */,
				8FF45D80DC8F48BA8CE18896 /* Hako/Instances/GameLaunchCoordinator.swift in Sources */,
				BF1DC6780ACF4C9CBBF60617 /* Hako/Minecraft/GameProcessRunner.swift in Sources */,
				A6D6534AF7444C3E9AF69C5A /* Hako/Minecraft/JavaLaunchValidation.swift in Sources */,
				6A511B571744480C81DF4B9D /* Hako/Minecraft/MinecraftLaunchPlan.swift in Sources */,
				33BFFA4BCD294EA2B2C42E14 /* Hako/Minecraft/LaunchArguments.swift in Sources */,
				D447525EB183A535C5D667B2 /* Hako/AppDataLocation.swift in Sources */,
				12E753413C43D177C2195D62 /* Hako/Minecraft/MojangModels.swift in Sources */,
				23B7A7CE3562B8B430CBC697 /* Hako/Minecraft/MojangClient.swift in Sources */,
				6298409605D2F85B348C9268 /* Hako/Minecraft/MinecraftInstaller.swift in Sources */,
				F9020B2D5D95794ED92A9111 /* Hako/Instances/InstallationCoordinator.swift in Sources */,
				436B78A4C6AD9546AADFB9E7 /* Hako/Instances/InstanceContent.swift in Sources */,
				3969B149243F465D924013E7 /* Hako/Minecraft/MinecraftSkin.swift in Sources */,
				7BA304A44DF04915B9044970 /* Hako/Minecraft/MinecraftSkinLoader.swift in Sources */,
				AC77148AC01F44EABDE88576 /* Hako/Auth/MicrosoftAuth.swift in Sources */,
				52A0AEB1BB084D53B5F5BA60 /* Hako/Account.swift in Sources */,
				F7A000000000000000000001 /* Hako/Playtime/PlaytimeModels.swift in Sources */,
				F7A000000000000000000002 /* Hako/Playtime/PlaytimeCoordinator.swift in Sources */,
				F7A000000000000000000003 /* Hako/Playtime/PlaytimeJournal.swift in Sources */,
				F7A000000000000000000004 /* Hako/Playtime/PlaytimeHelperClient.swift in Sources */,
				F7A000000000000000000006 /* Hako/Playtime/PlaytimeFormatter.swift in Sources */,
			);
		};
		F7A000000000000000000032 /* Sources */ = {
			isa = PBXSourcesBuildPhase;
			files = (
				F7A000000000000000000005 /* Hako/Playtime/PlaytimeJournal.swift in Sources */,
			);
		};
/* End PBXSourcesBuildPhase section */

/* Begin PBXTargetDependency section */
		F7A000000000000000000039 /* PBXTargetDependency */ = {
			isa = PBXTargetDependency;
			target = F7A000000000000000000030 /* HakoPlaytimeHelper */;
			targetProxy = F7A000000000000000000038 /* PBXContainerItemProxy */;
		};
		F7A00000000000000000003A /* PBXTargetDependency */ = {
			isa = PBXTargetDependency;
			target = F7A000000000000000000030 /* HakoPlaytimeHelper */;
			targetProxy = F7A000000000000000000038 /* PBXContainerItemProxy */;
		};
/* End PBXTargetDependency section */

/* Begin XCBuildConfiguration section */
		095730BA64A64C35BB69DB40 /* Debug configuration for PBXNativeTarget "HakoTests" */ = {
			isa = XCBuildConfiguration;
			buildSettings = {
				CODE_SIGN_STYLE = Automatic;
				GENERATE_INFOPLIST_FILE = YES;
				LD_RUNPATH_SEARCH_PATHS = (
					"$(inherited)",
					"@loader_path/../Frameworks",
					"@executable_path/../Frameworks",
				);
				PRODUCT_BUNDLE_IDENTIFIER = com.Launcher.HakoTests;
				PRODUCT_NAME = "$(TARGET_NAME)";
				SWIFT_APPROACHABLE_CONCURRENCY = YES;
				SWIFT_DEFAULT_ACTOR_ISOLATION = MainActor;
				SWIFT_VERSION = 5.0;
			};
			name = Debug;
		};
		233ED7E23072CD6800E6B7EC /* Debug configuration for PBXProject "Hako" */ = {
			isa = XCBuildConfiguration;
			buildSettings = {
				ALWAYS_SEARCH_USER_PATHS = NO;
				ASSETCATALOG_COMPILER_GENERATE_SWIFT_ASSET_SYMBOL_EXTENSIONS = YES;
				CLANG_ANALYZER_NONNULL = YES;
				CLANG_ANALYZER_NUMBER_OBJECT_CONVERSION = YES_AGGRESSIVE;
				CLANG_CXX_LANGUAGE_STANDARD = "gnu++20";
				CLANG_ENABLE_MODULES = YES;
				CLANG_ENABLE_OBJC_ARC = YES;
				CLANG_ENABLE_OBJC_WEAK = YES;
				CLANG_WARN_BLOCK_CAPTURE_AUTORELEASING = YES;
				CLANG_WARN_BOOL_CONVERSION = YES;
				CLANG_WARN_COMMA = YES;
				CLANG_WARN_CONSTANT_CONVERSION = YES;
				CLANG_WARN_DEPRECATED_OBJC_IMPLEMENTATIONS = YES;
				CLANG_WARN_DIRECT_OBJC_ISA_USAGE = YES_ERROR;
				CLANG_WARN_DOCUMENTATION_COMMENTS = YES;
				CLANG_WARN_EMPTY_BODY = YES;
				CLANG_WARN_ENUM_CONVERSION = YES;
				CLANG_WARN_INFINITE_RECURSION = YES;
				CLANG_WARN_INT_CONVERSION = YES;
				CLANG_WARN_NON_LITERAL_NULL_CONVERSION = YES;
				CLANG_WARN_OBJC_IMPLICIT_RETAIN_SELF = YES;
				CLANG_WARN_OBJC_LITERAL_CONVERSION = YES;
				CLANG_WARN_OBJC_ROOT_CLASS = YES_ERROR;
				CLANG_WARN_QUOTED_INCLUDE_IN_FRAMEWORK_HEADER = YES;
				CLANG_WARN_RANGE_LOOP_ANALYSIS = YES;
				CLANG_WARN_STRICT_PROTOTYPES = YES;
				CLANG_WARN_SUSPICIOUS_MOVE = YES;
				CLANG_WARN_UNGUARDED_AVAILABILITY = YES_AGGRESSIVE;
				CLANG_WARN_UNREACHABLE_CODE = YES;
				CLANG_WARN__DUPLICATE_METHOD_MATCH = YES;
				COPY_PHASE_STRIP = NO;
				DEBUG_INFORMATION_FORMAT = dwarf;
				DEVELOPMENT_TEAM = 9Y935NYUP9;
				ENABLE_STRICT_OBJC_MSGSEND = YES;
				ENABLE_TESTABILITY = YES;
				ENABLE_USER_SCRIPT_SANDBOXING = YES;
				GCC_C_LANGUAGE_STANDARD = gnu17;
				GCC_DYNAMIC_NO_PIC = NO;
				GCC_NO_COMMON_BLOCKS = YES;
				GCC_OPTIMIZATION_LEVEL = 0;
				GCC_PREPROCESSOR_DEFINITIONS = (
					"DEBUG=1",
					"$(inherited)",
				);
				GCC_WARN_64_TO_32_BIT_CONVERSION = YES;
				GCC_WARN_ABOUT_RETURN_TYPE = YES_ERROR;
				GCC_WARN_UNDECLARED_SELECTOR = YES;
				GCC_WARN_UNINITIALIZED_AUTOS = YES_AGGRESSIVE;
				GCC_WARN_UNUSED_FUNCTION = YES;
				GCC_WARN_UNUSED_VARIABLE = YES;
				LOCALIZATION_PREFERS_STRING_CATALOGS = YES;
				MACOSX_DEPLOYMENT_TARGET = 27.0;
				MTL_ENABLE_DEBUG_INFO = INCLUDE_SOURCE;
				MTL_FAST_MATH = YES;
				ONLY_ACTIVE_ARCH = YES;
				SDKROOT = macosx;
				SWIFT_ACTIVE_COMPILATION_CONDITIONS = "DEBUG $(inherited)";
				SWIFT_OPTIMIZATION_LEVEL = "-Onone";
			};
			name = Debug;
		};
		233ED7E33072CD6800E6B7EC /* Release configuration for PBXProject "Hako" */ = {
			isa = XCBuildConfiguration;
			buildSettings = {
				ALWAYS_SEARCH_USER_PATHS = NO;
				ASSETCATALOG_COMPILER_GENERATE_SWIFT_ASSET_SYMBOL_EXTENSIONS = YES;
				CLANG_ANALYZER_NONNULL = YES;
				CLANG_ANALYZER_NUMBER_OBJECT_CONVERSION = YES_AGGRESSIVE;
				CLANG_CXX_LANGUAGE_STANDARD = "gnu++20";
				CLANG_ENABLE_MODULES = YES;
				CLANG_ENABLE_OBJC_ARC = YES;
				CLANG_ENABLE_OBJC_WEAK = YES;
				CLANG_WARN_BLOCK_CAPTURE_AUTORELEASING = YES;
				CLANG_WARN_BOOL_CONVERSION = YES;
				CLANG_WARN_COMMA = YES;
				CLANG_WARN_CONSTANT_CONVERSION = YES;
				CLANG_WARN_DEPRECATED_OBJC_IMPLEMENTATIONS = YES;
				CLANG_WARN_DIRECT_OBJC_ISA_USAGE = YES_ERROR;
				CLANG_WARN_DOCUMENTATION_COMMENTS = YES;
				CLANG_WARN_EMPTY_BODY = YES;
				CLANG_WARN_ENUM_CONVERSION = YES;
				CLANG_WARN_INFINITE_RECURSION = YES;
				CLANG_WARN_INT_CONVERSION = YES;
				CLANG_WARN_NON_LITERAL_NULL_CONVERSION = YES;
				CLANG_WARN_OBJC_IMPLICIT_RETAIN_SELF = YES;
				CLANG_WARN_OBJC_LITERAL_CONVERSION = YES;
				CLANG_WARN_OBJC_ROOT_CLASS = YES_ERROR;
				CLANG_WARN_QUOTED_INCLUDE_IN_FRAMEWORK_HEADER = YES;
				CLANG_WARN_RANGE_LOOP_ANALYSIS = YES;
				CLANG_WARN_STRICT_PROTOTYPES = YES;
				CLANG_WARN_SUSPICIOUS_MOVE = YES;
				CLANG_WARN_UNGUARDED_AVAILABILITY = YES_AGGRESSIVE;
				CLANG_WARN_UNREACHABLE_CODE = YES;
				CLANG_WARN__DUPLICATE_METHOD_MATCH = YES;
				COPY_PHASE_STRIP = NO;
				DEBUG_INFORMATION_FORMAT = "dwarf-with-dsym";
				DEVELOPMENT_TEAM = 9Y935NYUP9;
				ENABLE_NS_ASSERTIONS = NO;
				ENABLE_STRICT_OBJC_MSGSEND = YES;
				ENABLE_USER_SCRIPT_SANDBOXING = YES;
				GCC_C_LANGUAGE_STANDARD = gnu17;
				GCC_NO_COMMON_BLOCKS = YES;
				GCC_WARN_64_TO_32_BIT_CONVERSION = YES;
				GCC_WARN_ABOUT_RETURN_TYPE = YES_ERROR;
				GCC_WARN_UNDECLARED_SELECTOR = YES;
				GCC_WARN_UNINITIALIZED_AUTOS = YES_AGGRESSIVE;
				GCC_WARN_UNUSED_FUNCTION = YES;
				GCC_WARN_UNUSED_VARIABLE = YES;
				LOCALIZATION_PREFERS_STRING_CATALOGS = YES;
				MACOSX_DEPLOYMENT_TARGET = 27.0;
				MTL_ENABLE_DEBUG_INFO = NO;
				MTL_FAST_MATH = YES;
				SDKROOT = macosx;
				SWIFT_COMPILATION_MODE = wholemodule;
			};
			name = Release;
		};
		233ED7E53072CD6800E6B7EC /* Debug configuration for PBXNativeTarget "Hako" */ = {
			isa = XCBuildConfiguration;
			buildSettings = {
				ASSETCATALOG_COMPILER_APPICON_NAME = AppIcon;
				ASSETCATALOG_COMPILER_GLOBAL_ACCENT_COLOR_NAME = AccentColor;
				CODE_SIGN_STYLE = Automatic;
				COMBINE_HIDPI_IMAGES = YES;
				CURRENT_PROJECT_VERSION = 1;
				DEVELOPMENT_TEAM = 9Y935NYUP9;
				ENABLE_APP_SANDBOX = NO;
				ENABLE_HARDENED_RUNTIME = YES;
				ENABLE_OUTGOING_NETWORK_CONNECTIONS = YES;
				ENABLE_PREVIEWS = YES;
				ENABLE_USER_SELECTED_FILES = readonly;
				GENERATE_INFOPLIST_FILE = YES;
				INFOPLIST_KEY_NSHumanReadableCopyright = "";
				LD_RUNPATH_SEARCH_PATHS = (
					"$(inherited)",
					"@executable_path/../Frameworks",
				);
				MARKETING_VERSION = 1.0;
				PRODUCT_BUNDLE_IDENTIFIER = com.Launcher.Hako;
				PRODUCT_NAME = "$(TARGET_NAME)";
				REGISTER_APP_GROUPS = YES;
				STRING_CATALOG_GENERATE_SYMBOLS = YES;
				SWIFT_APPROACHABLE_CONCURRENCY = YES;
				SWIFT_DEFAULT_ACTOR_ISOLATION = MainActor;
				SWIFT_EMIT_LOC_STRINGS = YES;
				SWIFT_UPCOMING_FEATURE_MEMBER_IMPORT_VISIBILITY = YES;
				SWIFT_VERSION = 5.0;
			};
			name = Debug;
		};
		233ED7E63072CD6800E6B7EC /* Release configuration for PBXNativeTarget "Hako" */ = {
			isa = XCBuildConfiguration;
			buildSettings = {
				ASSETCATALOG_COMPILER_APPICON_NAME = AppIcon;
				ASSETCATALOG_COMPILER_GLOBAL_ACCENT_COLOR_NAME = AccentColor;
				CODE_SIGN_STYLE = Automatic;
				COMBINE_HIDPI_IMAGES = YES;
				CURRENT_PROJECT_VERSION = 1;
				DEVELOPMENT_TEAM = 9Y935NYUP9;
				ENABLE_APP_SANDBOX = NO;
				ENABLE_HARDENED_RUNTIME = YES;
				ENABLE_OUTGOING_NETWORK_CONNECTIONS = YES;
				ENABLE_PREVIEWS = YES;
				ENABLE_USER_SELECTED_FILES = readonly;
				GENERATE_INFOPLIST_FILE = YES;
				INFOPLIST_KEY_NSHumanReadableCopyright = "";
				LD_RUNPATH_SEARCH_PATHS = (
					"$(inherited)",
					"@executable_path/../Frameworks",
				);
				MARKETING_VERSION = 1.0;
				PRODUCT_BUNDLE_IDENTIFIER = com.Launcher.Hako;
				PRODUCT_NAME = "$(TARGET_NAME)";
				REGISTER_APP_GROUPS = YES;
				STRING_CATALOG_GENERATE_SYMBOLS = YES;
				SWIFT_APPROACHABLE_CONCURRENCY = YES;
				SWIFT_DEFAULT_ACTOR_ISOLATION = MainActor;
				SWIFT_EMIT_LOC_STRINGS = YES;
				SWIFT_UPCOMING_FEATURE_MEMBER_IMPORT_VISIBILITY = YES;
				SWIFT_VERSION = 5.0;
			};
			name = Release;
		};
		8210802D714E493E9C3E4AAD /* Release configuration for PBXNativeTarget "HakoTests" */ = {
			isa = XCBuildConfiguration;
			buildSettings = {
				CODE_SIGN_STYLE = Automatic;
				GENERATE_INFOPLIST_FILE = YES;
				LD_RUNPATH_SEARCH_PATHS = (
					"$(inherited)",
					"@loader_path/../Frameworks",
					"@executable_path/../Frameworks",
				);
				PRODUCT_BUNDLE_IDENTIFIER = com.Launcher.HakoTests;
				PRODUCT_NAME = "$(TARGET_NAME)";
				SWIFT_APPROACHABLE_CONCURRENCY = YES;
				SWIFT_DEFAULT_ACTOR_ISOLATION = MainActor;
				SWIFT_VERSION = 5.0;
			};
			name = Release;
		};
		F7A000000000000000000035 /* Debug configuration for PBXNativeTarget "HakoPlaytimeHelper" */ = {
			isa = XCBuildConfiguration;
			buildSettings = {
				CODE_SIGN_STYLE = Automatic;
				DEVELOPMENT_TEAM = 9Y935NYUP9;
				ENABLE_HARDENED_RUNTIME = YES;
				MACOSX_DEPLOYMENT_TARGET = 27.0;
				PRODUCT_NAME = "$(TARGET_NAME)";
				SKIP_INSTALL = YES;
				SWIFT_APPROACHABLE_CONCURRENCY = YES;
				SWIFT_VERSION = 5.0;
			};
			name = Debug;
		};
		F7A000000000000000000036 /* Release configuration for PBXNativeTarget "HakoPlaytimeHelper" */ = {
			isa = XCBuildConfiguration;
			buildSettings = {
				CODE_SIGN_STYLE = Automatic;
				DEVELOPMENT_TEAM = 9Y935NYUP9;
				ENABLE_HARDENED_RUNTIME = YES;
				MACOSX_DEPLOYMENT_TARGET = 27.0;
				PRODUCT_NAME = "$(TARGET_NAME)";
				SKIP_INSTALL = YES;
				SWIFT_APPROACHABLE_CONCURRENCY = YES;
				SWIFT_VERSION = 5.0;
			};
			name = Release;
		};
/* End XCBuildConfiguration section */

/* Begin XCConfigurationList section */
		233ED7D23072CD6700E6B7EC /* Build configuration list for PBXProject "Hako" */ = {
			isa = XCConfigurationList;
			buildConfigurations = (
				233ED7E23072CD6800E6B7EC /* Debug configuration for PBXProject "Hako" */,
				233ED7E33072CD6800E6B7EC /* Release configuration for PBXProject "Hako" */,
			);
			defaultConfigurationName = Release;
		};
		233ED7E43072CD6800E6B7EC /* Build configuration list for PBXNativeTarget "Hako" */ = {
			isa = XCConfigurationList;
			buildConfigurations = (
				233ED7E53072CD6800E6B7EC /* Debug configuration for PBXNativeTarget "Hako" */,
				233ED7E63072CD6800E6B7EC /* Release configuration for PBXNativeTarget "Hako" */,
			);
			defaultConfigurationName = Release;
		};
		51AF7B726DFD467F82A9F68D /* Build configuration list for PBXNativeTarget "HakoTests" */ = {
			isa = XCConfigurationList;
			buildConfigurations = (
				095730BA64A64C35BB69DB40 /* Debug configuration for PBXNativeTarget "HakoTests" */,
				8210802D714E493E9C3E4AAD /* Release configuration for PBXNativeTarget "HakoTests" */,
			);
			defaultConfigurationName = Release;
		};
		F7A000000000000000000034 /* Build configuration list for PBXNativeTarget "HakoPlaytimeHelper" */ = {
			isa = XCConfigurationList;
			buildConfigurations = (
				F7A000000000000000000035 /* Debug configuration for PBXNativeTarget "HakoPlaytimeHelper" */,
				F7A000000000000000000036 /* Release configuration for PBXNativeTarget "HakoPlaytimeHelper" */,
			);
			defaultConfigurationName = Release;
		};
/* End XCConfigurationList section */
	};
	rootObject = 233ED7CF3072CD6700E6B7EC /* Project object */;
	validationLevel = 1;
}
